
Microsoft Visual Studio Solution File, Format Version 12.00
Project("{FAE04EC0-301F-11D3-BF4B-00C04F79EFBC}") = "SelectionResolver", "SelectionResolver\SelectionResolver.csproj", "{6CBF5BCE-6A3D-4C5D-A005-63D962A426D8}"
EndProject
Project("{FAE04EC0-301F-11D3-BF4B-00C04F79EFBC}") = "SelectionResolver.Demo", "SelectionResolver.Demo\SelectionResolver.Demo.csproj", "{E85C7E41-1AEC-4D7E-ACA9-CD69D93D4114}"
EndProject
Project("{2150E333-8FDC-42A3-9474-1A3956D46DE8}") = "Doc", "Doc", "{688CE7BB-DDC6-47C2-B0A9-B20819450724}"
	ProjectSection(SolutionItems) = preProject
		README.md = README.md
	EndProjectSection
EndProject
Global
	GlobalSection(SolutionConfigurationPlatforms) = preSolution
		Debug|Any CPU = Debug|Any CPU
		Release|Any CPU = Release|Any CPU
	EndGlobalSection
	GlobalSection(ProjectConfigurationPlatforms) = postSolution
		{6CBF5BCE-6A3D-4C5D-A005-63D962A426D8}.Debug|Any CPU.ActiveCfg = Debug|Any CPU
		{6CBF5BCE-6A3D-4C5D-A005-63D962A426D8}.Debug|Any CPU.Build.0 = Debug|Any CPU
		{6CBF5BCE-6A3D-4C5D-A005-63D962A426D8}.Release|Any CPU.ActiveCfg = Release|Any CPU
		{6CBF5BCE-6A3D-4C5D-A005-63D962A426D8}.Release|Any CPU.Build.0 = Release|Any CPU
		{E85C7E41-1AEC-4D7E-ACA9-CD69D93D4114}.Debug|Any CPU.ActiveCfg = Debug|Any CPU
		{E85C7E41-1AEC-4D7E-ACA9-CD69D93D4114}.Debug|Any CPU.Build.0 = Debug|Any CPU
		{E85C7E41-1AEC-4D7E-ACA9-CD69D93D4114}.Release|Any CPU.ActiveCfg = Release|Any CPU
		{E85C7E41-1AEC-4D7E-ACA9-CD69D93D4114}.Release|Any CPU.Build.0 = Release|Any CPU
	EndGlobalSection
EndGlobal
